{
  "originHash" : "2b1c6e7aa2e33eadb31826422053a7e580da2716f1de948f8a8c06ecea915dfd",
  "pins" : [
    {
      "identity" : "droppykit",
      "kind" : "remoteSourceControl",
      "location" : "https://gitlab.com/droppyformac1/droppykit.git",
      "state" : {
        "revision" : "0c40ec111b01421af06d23158f46b75eea75d166",
        "version" : "1.8.1"
      }
    }
  ],
  "version" : 3
}
